{
  "name": "personal",
  "version": "1.0.0",
  "lockfileVersion": 1,
  "requires": true,
  "dependencies": {
    "vue": {
      "version": "2.6.12",
      "resolved": "https://registry.npmjs.org/vue/-/vue-2.6.12.tgz",
      "integrity": "sha512-uhmLFETqPPNyuLLbsKz6ioJ4q7AZHzD8ZVFNATNyICSZouqP2Sz0rotWQC8UNBF6VGSCs5abnKJoStA6JbCbfg=="
    },
    "vuetify": {
      "version": "2.3.21",
      "resolved": "https://registry.npmjs.org/vuetify/-/vuetify-2.3.21.tgz",
      "integrity": "sha512-c9FOjkpVPDoIim88wbfqSIuCsH3jtgQQBC1iMW+ZFxf/Bj+d73HySL2LhEnZwAQT7XTAUGfad4aLPfcNZzK5YQ=="
    }
  }
}
